Microsoft Visual Studio Solution File, Format Version 12.00
# Visual Studio 2012
Project("{FAE04EC0-301F-11D3-BF4B-00C04F79EFBC}") = "Threadcutter", "Threadcutter.csproj", "{392418FA-CBCD-4F47-B20B-1AA4424F4201}"
EndProject
Global
	GlobalSection(SolutionConfigurationPlatforms) = preSolution
	Debug|Any CPU = Debug|Any CPU
	ExportDebug|Any CPU = ExportDebug|Any CPU
	ExportRelease|Any CPU = ExportRelease|Any CPU
	EndGlobalSection
	GlobalSection(ProjectConfigurationPlatforms) = postSolution
		{392418FA-CBCD-4F47-B20B-1AA4424F4201}.Debug|Any CPU.ActiveCfg = Debug|Any CPU
		{392418FA-CBCD-4F47-B20B-1AA4424F4201}.Debug|Any CPU.Build.0 = Debug|Any CPU
		{392418FA-CBCD-4F47-B20B-1AA4424F4201}.ExportDebug|Any CPU.ActiveCfg = ExportDebug|Any CPU
		{392418FA-CBCD-4F47-B20B-1AA4424F4201}.ExportDebug|Any CPU.Build.0 = ExportDebug|Any CPU
		{392418FA-CBCD-4F47-B20B-1AA4424F4201}.ExportRelease|Any CPU.ActiveCfg = ExportRelease|Any CPU
		{392418FA-CBCD-4F47-B20B-1AA4424F4201}.ExportRelease|Any CPU.Build.0 = ExportRelease|Any CPU
	EndGlobalSection
EndGlobal
